
Microsoft Visual Studio Solution File, Format Version 12.00
# Visual Studio Version 17
VisualStudioVersion = 17.14.36511.14 d17.14
MinimumVisualStudioVersion = 10.0.40219.1
Project("{FAE04EC0-301F-11D3-BF4B-00C04F79EFBC}") = "ClinicFlowDB2", "ClinicFlowDB2\ClinicFlowDB2.csproj", "{61B48731-E447-43C4-A0A0-2B2616BBEE3B}"
EndProject
Global
	GlobalSection(SolutionConfigurationPlatforms) = preSolution
		Debug|Any CPU = Debug|Any CPU
		Release|Any CPU = Release|Any CPU
	EndGlobalSection
	GlobalSection(ProjectConfigurationPlatforms) = postSolution
		{61B48731-E447-43C4-A0A0-2B2616BBEE3B}.Debug|Any CPU.ActiveCfg = Debug|Any CPU
		{61B48731-E447-43C4-A0A0-2B2616BBEE3B}.Debug|Any CPU.Build.0 = Debug|Any CPU
		{61B48731-E447-43C4-A0A0-2B2616BBEE3B}.Release|Any CPU.ActiveCfg = Release|Any CPU
		{61B48731-E447-43C4-A0A0-2B2616BBEE3B}.Release|Any CPU.Build.0 = Release|Any CPU
	EndGlobalSection
	GlobalSection(SolutionProperties) = preSolution
		HideSolutionNode = FALSE
	EndGlobalSection
	GlobalSection(ExtensibilityGlobals) = postSolution
		SolutionGuid = {EDCE0E2B-CC21-4E66-A3C5-02CF71A3B066}
	EndGlobalSection
EndGlobal
